
Microsoft Visual Studio Solution File, Format Version 12.00
# Visual Studio 15
VisualStudioVersion = 15.0.27130.2027
MinimumVisualStudioVersion = 10.0.40219.1
Project("{FAE04EC0-301F-11D3-BF4B-00C04F79EFBC}") = "lifbi.bookers.model", "lifbi.bookers.model\lifbi.bookers.model.csproj", "{0674A639-5B9A-40AB-B3A4-9BB5266FE1E5}"
EndProject
Project("{FAE04EC0-301F-11D3-BF4B-00C04F79EFBC}") = "lifbi.bookers.data.ef", "lifbi.bookers.data.ef\lifbi.bookers.data.ef.csproj", "{B0DF225E-F3C9-4B78-B5FB-DBA8A2B0592E}"
EndProject
Project("{FAE04EC0-301F-11D3-BF4B-00C04F79EFBC}") = "lifbi.bookers.data.ef.tests", "lifbi.bookers.data.ef.tests\lifbi.bookers.data.ef.tests.csproj", "{3DD91914-FEE7-4CFF-BEF0-47C63FDF8958}"
EndProject
Project("{FAE04EC0-301F-11D3-BF4B-00C04F79EFBC}") = "lifbi.bookers.logic", "lifbi.bookers.logic\lifbi.bookers.logic.csproj", "{F8F26470-3F19-4C9B-8ABB-CBDE27806120}"
EndProject
Project("{FAE04EC0-301F-11D3-BF4B-00C04F79EFBC}") = "lifbi.bookers.logic.tests", "lifbi.bookers.logic.tests\lifbi.bookers.logic.tests.csproj", "{C4E259B0-B99B-435A-B7D3-FE08AC3E0F9D}"
EndProject
Project("{FAE04EC0-301F-11D3-BF4B-00C04F79EFBC}") = "lifbi.bookers.ui.console", "lifbi.bookers.ui.console\lifbi.bookers.ui.console.csproj", "{4DF63D59-2B67-4480-986D-FD338659244D}"
EndProject
Project("{FAE04EC0-301F-11D3-BF4B-00C04F79EFBC}") = "lifbi.bookers.ui.asp", "lifbi.bookers.ui.asp\lifbi.bookers.ui.asp.csproj", "{031A0B73-A7CE-4F0B-8EBE-8BEACF908D17}"
EndProject
Project("{FAE04EC0-301F-11D3-BF4B-00C04F79EFBC}") = "lifbi.bookers.ui.wpf", "lifbi.bookers.ui.wpf\lifbi.bookers.ui.wpf.csproj", "{AB8059FD-E824-4E48-90A9-5781514C9320}"
EndProject
Global
	GlobalSection(SolutionConfigurationPlatforms) = preSolution
		Debug|Any CPU = Debug|Any CPU
		Release|Any CPU = Release|Any CPU
	EndGlobalSection
	GlobalSection(ProjectConfigurationPlatforms) = postSolution
		{0674A639-5B9A-40AB-B3A4-9BB5266FE1E5}.Debug|Any CPU.ActiveCfg = Debug|Any CPU
		{0674A639-5B9A-40AB-B3A4-9BB5266FE1E5}.Debug|Any CPU.Build.0 = Debug|Any CPU
		{0674A639-5B9A-40AB-B3A4-9BB5266FE1E5}.Release|Any CPU.ActiveCfg = Release|Any CPU
		{0674A639-5B9A-40AB-B3A4-9BB5266FE1E5}.Release|Any CPU.Build.0 = Release|Any CPU
		{B0DF225E-F3C9-4B78-B5FB-DBA8A2B0592E}.Debug|Any CPU.ActiveCfg = Debug|Any CPU
		{B0DF225E-F3C9-4B78-B5FB-DBA8A2B0592E}.Debug|Any CPU.Build.0 = Debug|Any CPU
		{B0DF225E-F3C9-4B78-B5FB-DBA8A2B0592E}.Release|Any CPU.ActiveCfg = Release|Any CPU
		{B0DF225E-F3C9-4B78-B5FB-DBA8A2B0592E}.Release|Any CPU.Build.0 = Release|Any CPU
		{3DD91914-FEE7-4CFF-BEF0-47C63FDF8958}.Debug|Any CPU.ActiveCfg = Debug|Any CPU
		{3DD91914-FEE7-4CFF-BEF0-47C63FDF8958}.Debug|Any CPU.Build.0 = Debug|Any CPU
		{3DD91914-FEE7-4CFF-BEF0-47C63FDF8958}.Release|Any CPU.ActiveCfg = Release|Any CPU
		{3DD91914-FEE7-4CFF-BEF0-47C63FDF8958}.Release|Any CPU.Build.0 = Release|Any CPU
		{F8F26470-3F19-4C9B-8ABB-CBDE27806120}.Debug|Any CPU.ActiveCfg = Debug|Any CPU
		{F8F26470-3F19-4C9B-8ABB-CBDE27806120}.Debug|Any CPU.Build.0 = Debug|Any CPU
		{F8F26470-3F19-4C9B-8ABB-CBDE27806120}.Release|Any CPU.ActiveCfg = Release|Any CPU
		{F8F26470-3F19-4C9B-8ABB-CBDE27806120}.Release|Any CPU.Build.0 = Release|Any CPU
		{C4E259B0-B99B-435A-B7D3-FE08AC3E0F9D}.Debug|Any CPU.ActiveCfg = Debug|Any CPU
		{C4E259B0-B99B-435A-B7D3-FE08AC3E0F9D}.Debug|Any CPU.Build.0 = Debug|Any CPU
		{C4E259B0-B99B-435A-B7D3-FE08AC3E0F9D}.Release|Any CPU.ActiveCfg = Release|Any CPU
		{C4E259B0-B99B-435A-B7D3-FE08AC3E0F9D}.Release|Any CPU.Build.0 = Release|Any CPU
		{4DF63D59-2B67-4480-986D-FD338659244D}.Debug|Any CPU.ActiveCfg = Debug|Any CPU
		{4DF63D59-2B67-4480-986D-FD338659244D}.Debug|Any CPU.Build.0 = Debug|Any CPU
		{4DF63D59-2B67-4480-986D-FD338659244D}.Release|Any CPU.ActiveCfg = Release|Any CPU
		{4DF63D59-2B67-4480-986D-FD338659244D}.Release|Any CPU.Build.0 = Release|Any CPU
		{031A0B73-A7CE-4F0B-8EBE-8BEACF908D17}.Debug|Any CPU.ActiveCfg = Debug|Any CPU
		{031A0B73-A7CE-4F0B-8EBE-8BEACF908D17}.Debug|Any CPU.Build.0 = Debug|Any CPU
		{031A0B73-A7CE-4F0B-8EBE-8BEACF908D17}.Release|Any CPU.ActiveCfg = Release|Any CPU
		{031A0B73-A7CE-4F0B-8EBE-8BEACF908D17}.Release|Any CPU.Build.0 = Release|Any CPU
		{AB8059FD-E824-4E48-90A9-5781514C9320}.Debug|Any CPU.ActiveCfg = Debug|Any CPU
		{AB8059FD-E824-4E48-90A9-5781514C9320}.Debug|Any CPU.Build.0 = Debug|Any CPU
		{AB8059FD-E824-4E48-90A9-5781514C9320}.Release|Any CPU.ActiveCfg = Release|Any CPU
		{AB8059FD-E824-4E48-90A9-5781514C9320}.Release|Any CPU.Build.0 = Release|Any CPU
	EndGlobalSection
	GlobalSection(SolutionProperties) = preSolution
		HideSolutionNode = FALSE
	EndGlobalSection
	GlobalSection(ExtensibilityGlobals) = postSolution
		SolutionGuid = {ADE61301-A259-415A-8FAD-8C50C062E143}
	EndGlobalSection
EndGlobal
